// !$*UTF8*$!
{
	archiveVersion = 1;
	classes = {
	};
	objectVersion = 56;
	objects = {

/* Begin PBXBuildFile section */
		0789883529A48F8A00A09676 /* UISliderVC.swift in Sources */ = {isa = PBXBuildFile; fileRef = 0789883429A48F8A00A09676 /* UISliderVC.swift */; };
		0789883729A4A01200A09676 /* UIStepperVC.swift in Sources */ = {isa = PBXBuildFile; fileRef = 0789883629A4A01200A09676 /* UIStepperVC.swift */; };
		0789883929A4A84500A09676 /* UiswitchVC.swift in Sources */ = {isa = PBXBuildFile; fileRef = 0789883829A4A84400A09676 /* UiswitchVC.swift */; };
		0789883B29A4C52800A09676 /* segmentControlVC.swift in Sources */ = {isa = PBXBuildFile; fileRef = 0789883A29A4C52800A09676 /* segmentControlVC.swift */; };
		0789883F29A5D71A00A09676 /* GridCVC.swift in Sources */ = {isa = PBXBuildFile; fileRef = 0789883E29A5D71A00A09676 /* GridCVC.swift */; };
		0789884329A5E9D000A09676 /* ViewController.swift in Sources */ = {isa = PBXBuildFile; fileRef = 0789884229A5E9D000A09676 /* ViewController.swift */; };
		1BD45B7B299B55E9004A624C /* AppDelegate.swift in Sources */ = {isa = PBXBuildFile; fileRef = 1BD45B7A299B55E9004A624C /* AppDelegate.swift */; };
		1BD45B7D299B55E9004A624C /* SceneDelegate.swift in Sources */ = {isa = PBXBuildFile; fileRef = 1BD45B7C299B55E9004A624C /* SceneDelegate.swift */; };
		1BD45B7F299B55E9004A624C /* FirstScreen.swift in Sources */ = {isa = PBXBuildFile; fileRef = 1BD45B7E299B55E9004A624C /* FirstScreen.swift */; };
		1BD45B84299B55EB004A624C /* Assets.xcassets in Resources */ = {isa = PBXBuildFile; fileRef = 1BD45B83299B55EB004A624C /* Assets.xcassets */; };
		1BD45B87299B55EB004A624C /* LaunchScreen.storyboard in Resources */ = {isa = PBXBuildFile; fileRef = 1BD45B85299B55EB004A624C /* LaunchScreen.storyboard */; };
		1BD45B8F299B5D69004A624C /* SecondScreen.swift in Sources */ = {isa = PBXBuildFile; fileRef = 1BD45B8E299B5D69004A624C /* SecondScreen.swift */; };
		1BD45BB5299F5219004A624C /* DatePickerVC.swift in Sources */ = {isa = PBXBuildFile; fileRef = 1BD45BB4299F5219004A624C /* DatePickerVC.swift */; };
/* End PBXBuildFile section */

/* Begin PBXFileReference section */
		0789883429A48F8A00A09676 /* UISliderVC.swift */ = {isa = PBXFileReference; lastKnownFileType = sourcecode.swift; path = UISliderVC.swift; sourceTree = "<group>"; };
		0789883629A4A01200A09676 /* UIStepperVC.swift */ = {isa = PBXFileReference; lastKnownFileType = sourcecode.swift; path = UIStepperVC.swift; sourceTree = "<group>"; };
		0789883829A4A84400A09676 /* UiswitchVC.swift */ = {isa = PBXFileReference; lastKnownFileType = sourcecode.swift; path = UiswitchVC.swift; sourceTree = "<group>"; };
		0789883A29A4C52800A09676 /* segmentControlVC.swift */ = {isa = PBXFileReference; lastKnownFileType = sourcecode.swift; path = segmentControlVC.swift; sourceTree = "<group>"; };
		0789883E29A5D71A00A09676 /* GridCVC.swift */ = {isa = PBXFileReference; lastKnownFileType = sourcecode.swift; path = GridCVC.swift; sourceTree = "<group>"; };
		0789884229A5E9D000A09676 /* ViewController.swift */ = {isa = PBXFileReference; lastKnownFileType = sourcecode.swift; path = ViewController.swift; sourceTree = "<group>"; };
		1BD45B77299B55E9004A624C /* Programmatic-UI.app */ = {isa = PBXFileReference; explicitFileType = wrapper.application; includeInIndex = 0; path = "Programmatic-UI.app"; sourceTree = BUILT_PRODUCTS_DIR; };
		1BD45B7A299B55E9004A624C /* AppDelegate.swift */ = {isa = PBXFileReference; lastKnownFileType = sourcecode.swift; path = AppDelegate.swift; sourceTree = "<group>"; };
		1BD45B7C299B55E9004A624C /* SceneDelegate.swift */ = {isa = PBXFileReference; lastKnownFileType = sourcecode.swift; path = SceneDelegate.swift; sourceTree = "<group>"; };
		1BD45B7E299B55E9004A624C /* FirstScreen.swift */ = {isa = PBXFileReference; lastKnownFileType = sourcecode.swift; path = FirstScreen.swift; sourceTree = "<group>"; };
		1BD45B83299B55EB004A624C /* Assets.xcassets */ = {isa = PBXFileReference; lastKnownFileType = folder.assetcatalog; path = Assets.xcassets; sourceTree = "<group>"; };
		1BD45B86299B55EB004A624C /* Base */ = {isa = PBXFileReference; lastKnownFileType = file.storyboard; name = Base; path = Base.lproj/LaunchScreen.storyboard; sourceTree = "<group>"; };
		1BD45B88299B55EB004A624C /* Info.plist */ = {isa = PBXFileReference; lastKnownFileType = text.plist.xml; path = Info.plist; sourceTree = "<group>"; };
		1BD45B8E299B5D69004A624C /* SecondScreen.swift */ = {isa = PBXFileReference; lastKnownFileType = sourcecode.swift; path = SecondScreen.swift; sourceTree = "<group>"; };
		1BD45BB4299F5219004A624C /* DatePickerVC.swift */ = {isa = PBXFileReference; lastKnownFileType = sourcecode.swift; path = DatePickerVC.swift; sourceTree = "<group>"; };
/* End PBXFileReference section */

/* Begin PBXFrameworksBuildPhase section */
		1BD45B74299B55E9004A624C /* Frameworks */ = {
			isa = PBXFrameworksBuildPhase;
			buildActionMask = 2147483647;
			files = (
			);
			runOnlyForDeploymentPostprocessing = 0;
		};
/* End PBXFrameworksBuildPhase section */

/* Begin PBXGroup section */
		1BD45B6E299B55E9004A624C = {
			isa = PBXGroup;
			children = (
				1BD45B79299B55E9004A624C /* Programmatic-UI */,
				1BD45B78299B55E9004A624C /* Products */,
			);
			sourceTree = "<group>";
		};
		1BD45B78299B55E9004A624C /* Products */ = {
			isa = PBXGroup;
			children = (
				1BD45B77299B55E9004A624C /* Programmatic-UI.app */,
			);
			name = Products;
			sourceTree = "<group>";
		};
		1BD45B79299B55E9004A624C /* Programmatic-UI */ = {
			isa = PBXGroup;
			children = (
				1BD45B7A299B55E9004A624C /* AppDelegate.swift */,
				1BD45B7C299B55E9004A624C /* SceneDelegate.swift */,
				1BD45B7E299B55E9004A624C /* FirstScreen.swift */,
				1BD45BB4299F5219004A624C /* DatePickerVC.swift */,
				0789883429A48F8A00A09676 /* UISliderVC.swift */,
				0789883629A4A01200A09676 /* UIStepperVC.swift */,
				0789883829A4A84400A09676 /* UiswitchVC.swift */,
				0789883A29A4C52800A09676 /* segmentControlVC.swift */,
				0789883E29A5D71A00A09676 /* GridCVC.swift */,
				0789884229A5E9D000A09676 /* ViewController.swift */,
				1BD45B83299B55EB004A624C /* Assets.xcassets */,
				1BD45B85299B55EB004A624C /* LaunchScreen.storyboard */,
				1BD45B88299B55EB004A624C /* Info.plist */,
				1BD45B8E299B5D69004A624C /* SecondScreen.swift */,
			);
			path = "Programmatic-UI";
			sourceTree = "<group>";
		};
/* End PBXGroup section */

/* Begin PBXNativeTarget section */
		1BD45B76299B55E9004A624C /* Programmatic-UI */ = {
			isa = PBXNativeTarget;
			buildConfigurationList = 1BD45B8B299B55EB004A624C /* Build configuration list for PBXNativeTarget "Programmatic-UI" */;
			buildPhases = (
				1BD45B73299B55E9004A624C /* Sources */,
				1BD45B74299B55E9004A624C /* Frameworks */,
				1BD45B75299B55E9004A624C /* Resources */,
			);
			buildRules = (
			);
			dependencies = (
			);
			name = "Programmatic-UI";
			productName = "Programmatic-UI";
			productReference = 1BD45B77299B55E9004A624C /* Programmatic-UI.app */;
			productType = "com.apple.product-type.application";
		};
/* End PBXNativeTarget section */

/* Begin PBXProject section */
		1BD45B6F299B55E9004A624C /* Project object */ = {
			isa = PBXProject;
			attributes = {
				BuildIndependentTargetsInParallel = 1;
				LastSwiftUpdateCheck = 1420;
				LastUpgradeCheck = 1420;
				TargetAttributes = {
					1BD45B76299B55E9004A624C = {
						CreatedOnToolsVersion = 14.2;
					};
				};
			};
			buildConfigurationList = 1BD45B72299B55E9004A624C /* Build configuration list for PBXProject "Programmatic-UI" */;
			compatibilityVersion = "Xcode 14.0";
			developmentRegion = en;
			hasScannedForEncodings = 0;
			knownRegions = (
				en,
				Base,
			);
			mainGroup = 1BD45B6E299B55E9004A624C;
			productRefGroup = 1BD45B78299B55E9004A624C /* Products */;
			projectDirPath = "";
			projectRoot = "";
			targets = (
				1BD45B76299B55E9004A624C /* Programmatic-UI */,
			);
		};
/* End PBXProject section */

/* Begin PBXResourcesBuildPhase section */
		1BD45B75299B55E9004A624C /* Resources */ = {
			isa = PBXResourcesBuildPhase;
			buildActionMask = 2147483647;
			files = (
				1BD45B87299B55EB004A624C /* LaunchScreen.storyboard in Resources */,
				1BD45B84299B55EB004A624C /* Assets.xcassets in Resources */,
			);
			runOnlyForDeploymentPostprocessing = 0;
		};
/* End PBXResourcesBuildPhase section */

/* Begin PBXSourcesBuildPhase section */
		1BD45B73299B55E9004A624C /* Sources */ = {
			isa = PBXSourcesBuildPhase;
			buildActionMask = 2147483647;
			files = (
				0789883F29A5D71A00A09676 /* GridCVC.swift in Sources */,
				1BD45B7F299B55E9004A624C /* FirstScreen.swift in Sources */,
				1BD45BB5299F5219004A624C /* DatePickerVC.swift in Sources */,
				1BD45B8F299B5D69004A624C /* SecondScreen.swift in Sources */,
				0789884329A5E9D000A09676 /* ViewController.swift in Sources */,
				1BD45B7B299B55E9004A624C /* AppDelegate.swift in Sources */,
				0789883929A4A84500A09676 /* UiswitchVC.swift in Sources */,
				0789883B29A4C52800A09676 /* segmentControlVC.swift in Sources */,
				0789883529A48F8A00A09676 /* UISliderVC.swift in Sources */,
				0789883729A4A01200A09676 /* UIStepperVC.swift in Sources */,
				1BD45B7D299B55E9004A624C /* SceneDelegate.swift in Sources */,
			);
			runOnlyForDeploymentPostprocessing = 0;
		};
/* End PBXSourcesBuildPhase section */

/* Begin PBXVariantGroup section */
		1BD45B85299B55EB004A624C /* LaunchScreen.storyboard */ = {
			isa = PBXVariantGroup;
			children = (
				1BD45B86299B55EB004A624C /* Base */,
			);
			name = LaunchScreen.storyboard;
			sourceTree = "<group>";
		};
/* End PBXVariantGroup section */

/* Begin XCBuildConfiguration section */
		1BD45B89299B55EB004A624C /* Debug */ = {
			isa = XCBuildConfiguration;
			buildSettings = {
				ALWAYS_SEARCH_USER_PATHS = NO;
				CLANG_ANALYZER_NONNULL = YES;
				CLANG_ANALYZER_NUMBER_OBJECT_CONVERSION = YES_AGGRESSIVE;
				CLANG_CXX_LANGUAGE_STANDARD = "gnu++20";
				CLANG_ENABLE_MODULES = YES;
				CLANG_ENABLE_OBJC_ARC = YES;
				CLANG_ENABLE_OBJC_WEAK = YES;
				CLANG_WARN_BLOCK_CAPTURE_AUTORELEASING = YES;
				CLANG_WARN_BOOL_CONVERSION = YES;
				CLANG_WARN_COMMA = YES;
				CLANG_WARN_CONSTANT_CONVERSION = YES;
				CLANG_WARN_DEPRECATED_OBJC_IMPLEMENTATIONS = YES;
				CLANG_WARN_DIRECT_OBJC_ISA_USAGE = YES_ERROR;
				CLANG_WARN_DOCUMENTATION_COMMENTS = YES;
				CLANG_WARN_EMPTY_BODY = YES;
				CLANG_WARN_ENUM_CONVERSION = YES;
				CLANG_WARN_INFINITE_RECURSION = YES;
				CLANG_WARN_INT_CONVERSION = YES;
				CLANG_WARN_NON_LITERAL_NULL_CONVERSION = YES;
				CLANG_WARN_OBJC_IMPLICIT_RETAIN_SELF = YES;
				CLANG_WARN_OBJC_LITERAL_CONVERSION = YES;
				CLANG_WARN_OBJC_ROOT_CLASS = YES_ERROR;
				CLANG_WARN_QUOTED_INCLUDE_IN_FRAMEWORK_HEADER = YES;
				CLANG_WARN_RANGE_LOOP_ANALYSIS = YES;
				CLANG_WARN_STRICT_PROTOTYPES = YES;
				CLANG_WARN_SUSPICIOUS_MOVE = YES;
				CLANG_WARN_UNGUARDED_AVAILABILITY = YES_AGGRESSIVE;
				CLANG_WARN_UNREACHABLE_CODE = YES;
				CLANG_WARN__DUPLICATE_METHOD_MATCH = YES;
				COPY_PHASE_STRIP = NO;
				DEBUG_INFORMATION_FORMAT = dwarf;
				ENABLE_STRICT_OBJC_MSGSEND = YES;
				ENABLE_TESTABILITY = YES;
				GCC_C_LANGUAGE_STANDARD = gnu11;
				GCC_DYNAMIC_NO_PIC = NO;
				GCC_NO_COMMON_BLOCKS = YES;
				GCC_OPTIMIZATION_LEVEL = 0;
				GCC_PREPROCESSOR_DEFINITIONS = (
					"DEBUG=1",
					"$(inherited)",
				);
				GCC_WARN_64_TO_32_BIT_CONVERSION = YES;
				GCC_WARN_ABOUT_RETURN_TYPE = YES_ERROR;
				GCC_WARN_UNDECLARED_SELECTOR = YES;
				GCC_WARN_UNINITIALIZED_AUTOS = YES_AGGRESSIVE;
				GCC_WARN_UNUSED_FUNCTION = YES;
				GCC_WARN_UNUSED_VARIABLE = YES;
				IPHONEOS_DEPLOYMENT_TARGET = 16.2;
				MTL_ENABLE_DEBUG_INFO = INCLUDE_SOURCE;
				MTL_FAST_MATH = YES;
				ONLY_ACTIVE_ARCH = YES;
				SDKROOT = iphoneos;
				SWIFT_ACTIVE_COMPILATION_CONDITIONS = DEBUG;
				SWIFT_OPTIMIZATION_LEVEL = "-Onone";
			};
			name = Debug;
		};
		1BD45B8A299B55EB004A624C /* Release */ = {
			isa = XCBuildConfiguration;
			buildSettings = {
				ALWAYS_SEARCH_USER_PATHS = NO;
				CLANG_ANALYZER_NONNULL = YES;
				CLANG_ANALYZER_NUMBER_OBJECT_CONVERSION = YES_AGGRESSIVE;
				CLANG_CXX_LANGUAGE_STANDARD = "gnu++20";
				CLANG_ENABLE_MODULES = YES;
				CLANG_ENABLE_OBJC_ARC = YES;
				CLANG_ENABLE_OBJC_WEAK = YES;
				CLANG_WARN_BLOCK_CAPTURE_AUTORELEASING = YES;
				CLANG_WARN_BOOL_CONVERSION = YES;
				CLANG_WARN_COMMA = YES;
				CLANG_WARN_CONSTANT_CONVERSION = YES;
				CLANG_WARN_DEPRECATED_OBJC_IMPLEMENTATIONS = YES;
				CLANG_WARN_DIRECT_OBJC_ISA_USAGE = YES_ERROR;
				CLANG_WARN_DOCUMENTATION_COMMENTS = YES;
				CLANG_WARN_EMPTY_BODY = YES;
				CLANG_WARN_ENUM_CONVERSION = YES;
				CLANG_WARN_INFINITE_RECURSION = YES;
				CLANG_WARN_INT_CONVERSION = YES;
				CLANG_WARN_NON_LITERAL_NULL_CONVERSION = YES;
				CLANG_WARN_OBJC_IMPLICIT_RETAIN_SELF = YES;
				CLANG_WARN_OBJC_LITERAL_CONVERSION = YES;
				CLANG_WARN_OBJC_ROOT_CLASS = YES_ERROR;
				CLANG_WARN_QUOTED_INCLUDE_IN_FRAMEWORK_HEADER = YES;
				CLANG_WARN_RANGE_LOOP_ANALYSIS = YES;
				CLANG_WARN_STRICT_PROTOTYPES = YES;
				CLANG_WARN_SUSPICIOUS_MOVE = YES;
				CLANG_WARN_UNGUARDED_AVAILABILITY = YES_AGGRESSIVE;
				CLANG_WARN_UNREACHABLE_CODE = YES;
				CLANG_WARN__DUPLICATE_METHOD_MATCH = YES;
				COPY_PHASE_STRIP = NO;
				DEBUG_INFORMATION_FORMAT = "dwarf-with-dsym";
				ENABLE_NS_ASSERTIONS = NO;
				ENABLE_STRICT_OBJC_MSGSEND = YES;
				GCC_C_LANGUAGE_STANDARD = gnu11;
				GCC_NO_COMMON_BLOCKS = YES;
				GCC_WARN_64_TO_32_BIT_CONVERSION = YES;
				GCC_WARN_ABOUT_RETURN_TYPE = YES_ERROR;
				GCC_WARN_UNDECLARED_SELECTOR = YES;
				GCC_WARN_UNINITIALIZED_AUTOS = YES_AGGRESSIVE;
				GCC_WARN_UNUSED_FUNCTION = YES;
				GCC_WARN_UNUSED_VARIABLE = YES;
				IPHONEOS_DEPLOYMENT_TARGET = 16.2;
				MTL_ENABLE_DEBUG_INFO = NO;
				MTL_FAST_MATH = YES;
				SDKROOT = iphoneos;
				SWIFT_COMPILATION_MODE = wholemodule;
				SWIFT_OPTIMIZATION_LEVEL = "-O";
				VALIDATE_PRODUCT = YES;
			};
			name = Release;
		};
		1BD45B8C299B55EB004A624C /* Debug */ = {
			isa = XCBuildConfiguration;
			buildSettings = {
				ASSETCATALOG_COMPILER_APPICON_NAME = AppIcon;
				ASSETCATALOG_COMPILER_GLOBAL_ACCENT_COLOR_NAME = AccentColor;
				CODE_SIGN_STYLE = Automatic;
				CURRENT_PROJECT_VERSION = 1;
				GENERATE_INFOPLIST_FILE = YES;
				INFOPLIST_FILE = "Programmatic-UI/Info.plist";
				INFOPLIST_KEY_UIApplicationSupportsIndirectInputEvents = YES;
				INFOPLIST_KEY_UILaunchStoryboardName = LaunchScreen;
				INFOPLIST_KEY_UISupportedInterfaceOrientations_iPad = "UIInterfaceOrientationPortrait UIInterfaceOrientationPortraitUpsideDown UIInterfaceOrientationLandscapeLeft UIInterfaceOrientationLandscapeRight";
				INFOPLIST_KEY_UISupportedInterfaceOrientations_iPhone = "UIInterfaceOrientationPortrait UIInterfaceOrientationLandscapeLeft UIInterfaceOrientationLandscapeRight";
				LD_RUNPATH_SEARCH_PATHS = (
					"$(inherited)",
					"@executable_path/Frameworks",
				);
				MARKETING_VERSION = 1.0;
				PRODUCT_BUNDLE_IDENTIFIER = "Deepak.Programmatic-UI";
				PRODUCT_NAME = "$(TARGET_NAME)";
				SWIFT_EMIT_LOC_STRINGS = YES;
				SWIFT_VERSION = 5.0;
				TARGETED_DEVICE_FAMILY = "1,2";
			};
			name = Debug;
		};
		1BD45B8D299B55EB004A624C /* Release */ = {
			isa = XCBuildConfiguration;
			buildSettings = {
				ASSETCATALOG_COMPILER_APPICON_NAME = AppIcon;
				ASSETCATALOG_COMPILER_GLOBAL_ACCENT_COLOR_NAME = AccentColor;
				CODE_SIGN_STYLE = Automatic;
				CURRENT_PROJECT_VERSION = 1;
				GENERATE_INFOPLIST_FILE = YES;
				INFOPLIST_FILE = "Programmatic-UI/Info.plist";
				INFOPLIST_KEY_UIApplicationSupportsIndirectInputEvents = YES;
				INFOPLIST_KEY_UILaunchStoryboardName = LaunchScreen;
				INFOPLIST_KEY_UISupportedInterfaceOrientations_iPad = "UIInterfaceOrientationPortrait UIInterfaceOrientationPortraitUpsideDown UIInterfaceOrientationLandscapeLeft UIInterfaceOrientationLandscapeRight";
				INFOPLIST_KEY_UISupportedInterfaceOrientations_iPhone = "UIInterfaceOrientationPortrait UIInterfaceOrientationLandscapeLeft UIInterfaceOrientationLandscapeRight";
				LD_RUNPATH_SEARCH_PATHS = (
					"$(inherited)",
					"@executable_path/Frameworks",
				);
				MARKETING_VERSION = 1.0;
				PRODUCT_BUNDLE_IDENTIFIER = "Deepak.Programmatic-UI";
				PRODUCT_NAME = "$(TARGET_NAME)";
				SWIFT_EMIT_LOC_STRINGS = YES;
				SWIFT_VERSION = 5.0;
				TARGETED_DEVICE_FAMILY = "1,2";
			};
			name = Release;
		};
/* End XCBuildConfiguration section */

/* Begin XCConfigurationList section */
		1BD45B72299B55E9004A624C /* Build configuration list for PBXProject "Programmatic-UI" */ = {
			isa = XCConfigurationList;
			buildConfigurations = (
				1BD45B89299B55EB004A624C /* Debug */,
				1BD45B8A299B55EB004A624C /* Release */,
			);
			defaultConfigurationIsVisible = 0;
			defaultConfigurationName = Release;
		};
		1BD45B8B299B55EB004A624C /* Build configuration list for PBXNativeTarget "Programmatic-UI" */ = {
			isa = XCConfigurationList;
			buildConfigurations = (
				1BD45B8C299B55EB004A624C /* Debug */,
				1BD45B8D299B55EB004A624C /* Release */,
			);
			defaultConfigurationIsVisible = 0;
			defaultConfigurationName = Release;
		};
/* End XCConfigurationList section */
	};
	rootObject = 1BD45B6F299B55E9004A624C /* Project object */;
}
